
Microsoft Visual Studio Solution File, Format Version 12.00
# Visual Studio 15
VisualStudioVersion = 15.0.27703.2026
MinimumVisualStudioVersion = 10.0.40219.1
Project("{FAE04EC0-301F-11D3-BF4B-00C04F79EFBC}") = "windows-font-installer-cli", "windows-font-installer-cli.csproj", "{773E5C7C-FC26-4825-AEBE-2B2D54FE8CD9}"
EndProject
Project("{FAE04EC0-301F-11D3-BF4B-00C04F79EFBC}") = "windows-font-installer-shared", "..\windows-font-installer-lib\windows-font-installer-shared.csproj", "{BD941404-D518-4DC7-92EF-17676D6297E5}"
EndProject
Project("{FAE04EC0-301F-11D3-BF4B-00C04F79EFBC}") = "windows-font-installer-gui", "..\windows-font-installer-gui\windows-font-installer-gui.csproj", "{FCD2B163-42EC-43E5-ABF5-428BB6A19E0A}"
EndProject
Project("{FAE04EC0-301F-11D3-BF4B-00C04F79EFBC}") = "windows-font-installer-service", "..\windows-font-installer-service\windows-font-installer-service.csproj", "{8A1D7003-38C9-4BA3-93F9-686E36977A41}"
EndProject
Global
	GlobalSection(SolutionConfigurationPlatforms) = preSolution
		Debug|Any CPU = Debug|Any CPU
		Release|Any CPU = Release|Any CPU
	EndGlobalSection
	GlobalSection(ProjectConfigurationPlatforms) = postSolution
		{773E5C7C-FC26-4825-AEBE-2B2D54FE8CD9}.Debug|Any CPU.ActiveCfg = Debug|Any CPU
		{773E5C7C-FC26-4825-AEBE-2B2D54FE8CD9}.Debug|Any CPU.Build.0 = Debug|Any CPU
		{773E5C7C-FC26-4825-AEBE-2B2D54FE8CD9}.Release|Any CPU.ActiveCfg = Release|Any CPU
		{773E5C7C-FC26-4825-AEBE-2B2D54FE8CD9}.Release|Any CPU.Build.0 = Release|Any CPU
		{BD941404-D518-4DC7-92EF-17676D6297E5}.Debug|Any CPU.ActiveCfg = Debug|Any CPU
		{BD941404-D518-4DC7-92EF-17676D6297E5}.Debug|Any CPU.Build.0 = Debug|Any CPU
		{BD941404-D518-4DC7-92EF-17676D6297E5}.Release|Any CPU.ActiveCfg = Release|Any CPU
		{BD941404-D518-4DC7-92EF-17676D6297E5}.Release|Any CPU.Build.0 = Release|Any CPU
		{FCD2B163-42EC-43E5-ABF5-428BB6A19E0A}.Debug|Any CPU.ActiveCfg = Debug|Any CPU
		{FCD2B163-42EC-43E5-ABF5-428BB6A19E0A}.Debug|Any CPU.Build.0 = Debug|Any CPU
		{FCD2B163-42EC-43E5-ABF5-428BB6A19E0A}.Release|Any CPU.ActiveCfg = Release|Any CPU
		{FCD2B163-42EC-43E5-ABF5-428BB6A19E0A}.Release|Any CPU.Build.0 = Release|Any CPU
		{8A1D7003-38C9-4BA3-93F9-686E36977A41}.Debug|Any CPU.ActiveCfg = Debug|Any CPU
		{8A1D7003-38C9-4BA3-93F9-686E36977A41}.Debug|Any CPU.Build.0 = Debug|Any CPU
		{8A1D7003-38C9-4BA3-93F9-686E36977A41}.Release|Any CPU.ActiveCfg = Release|Any CPU
		{8A1D7003-38C9-4BA3-93F9-686E36977A41}.Release|Any CPU.Build.0 = Release|Any CPU
	EndGlobalSection
	GlobalSection(SolutionProperties) = preSolution
		HideSolutionNode = FALSE
	EndGlobalSection
	GlobalSection(ExtensibilityGlobals) = postSolution
		SolutionGuid = {D2CC4CED-0CC8-4AF0-A35E-4C526F277B47}
	EndGlobalSection
EndGlobal
